
Microsoft Visual Studio Solution File, Format Version 12.00
# Visual Studio Version 16
VisualStudioVersion = 16.0.32228.343
MinimumVisualStudioVersion = 10.0.40219.1
Project("{FAE04EC0-301F-11D3-BF4B-00C04F79EFBC}") = "KrbRelayUp", "KrbRelayUp\KrbRelayUp.csproj", "{ED83E265-D48E-4B0D-8C22-D9D0A67C78F2}"
EndProject
Global
	GlobalSection(SolutionConfigurationPlatforms) = preSolution
		Debug|Any CPU = Debug|Any CPU
		Release|Any CPU = Release|Any CPU
	EndGlobalSection
	GlobalSection(ProjectConfigurationPlatforms) = postSolution
		{ED83E265-D48E-4B0D-8C22-D9D0A67C78F2}.Debug|Any CPU.ActiveCfg = Debug|Any CPU
		{ED83E265-D48E-4B0D-8C22-D9D0A67C78F2}.Debug|Any CPU.Build.0 = Debug|Any CPU
		{ED83E265-D48E-4B0D-8C22-D9D0A67C78F2}.Release|Any CPU.ActiveCfg = Release|Any CPU
		{ED83E265-D48E-4B0D-8C22-D9D0A67C78F2}.Release|Any CPU.Build.0 = Release|Any CPU
	EndGlobalSection
	GlobalSection(SolutionProperties) = preSolution
		HideSolutionNode = FALSE
	EndGlobalSection
	GlobalSection(ExtensibilityGlobals) = postSolution
		SolutionGuid = {7E0C4D45-4924-4372-BE78-3807A021813F}
	EndGlobalSection
EndGlobal
